// !$*UTF8*$!
{
	archiveVersion = 1;
	classes = {
	};
	objectVersion = 48;
	objects = {

/* Begin PBXBuildFile section */
		4FD0D1F01EE89E8100F1BE08 /* AppDelegate.swift in Sources */ = {isa = PBXBuildFile; fileRef = 4FD0D1EF1EE89E8100F1BE08 /* AppDelegate.swift */; };
		4FD0D1F21EE89E8100F1BE08 /* ViewController.swift in Sources */ = {isa = PBXBuildFile; fileRef = 4FD0D1F11EE89E8100F1BE08 /* ViewController.swift */; };
		4FD0D1F51EE89E8100F1BE08 /* Main.storyboard in Resources */ = {isa = PBXBuildFile; fileRef = 4FD0D1F31EE89E8100F1BE08 /* Main.storyboard */; };
		4FD0D1F71EE89E8100F1BE08 /* Assets.xcassets in Resources */ = {isa = PBXBuildFile; fileRef = 4FD0D1F61EE89E8100F1BE08 /* Assets.xcassets */; };
		4FD0D1FA1EE89E8100F1BE08 /* LaunchScreen.storyboard in Resources */ = {isa = PBXBuildFile; fileRef = 4FD0D1F81EE89E8100F1BE08 /* LaunchScreen.storyboard */; };
		4FD0D2021EE89F4E00F1BE08 /* GoogLeNetPlaces.mlmodel in Sources */ = {isa = PBXBuildFile; fileRef = 4FD0D2011EE89F4900F1BE08 /* GoogLeNetPlaces.mlmodel */; };
/* End PBXBuildFile section */

/* Begin PBXFileReference section */
		4FD0D1EC1EE89E8100F1BE08 /* FlowerUp.app */ = {isa = PBXFileReference; explicitFileType = wrapper.application; includeInIndex = 0; path = FlowerUp.app; sourceTree = BUILT_PRODUCTS_DIR; };
		4FD0D1EF1EE89E8100F1BE08 /* AppDelegate.swift */ = {isa = PBXFileReference; lastKnownFileType = sourcecode.swift; path = AppDelegate.swift; sourceTree = "<group>"; };
		4FD0D1F11EE89E8100F1BE08 /* ViewController.swift */ = {isa = PBXFileReference; lastKnownFileType = sourcecode.swift; path = ViewController.swift; sourceTree = "<group>"; };
		4FD0D1F41EE89E8100F1BE08 /* Base */ = {isa = PBXFileReference; lastKnownFileType = file.storyboard; name = Base; path = Base.lproj/Main.storyboard; sourceTree = "<group>"; };
		4FD0D1F61EE89E8100F1BE08 /* Assets.xcassets */ = {isa = PBXFileReference; lastKnownFileType = folder.assetcatalog; path = Assets.xcassets; sourceTree = "<group>"; };
		4FD0D1F91EE89E8100F1BE08 /* Base */ = {isa = PBXFileReference; lastKnownFileType = file.storyboard; name = Base; path = Base.lproj/LaunchScreen.storyboard; sourceTree = "<group>"; };
		4FD0D1FB1EE89E8100F1BE08 /* Info.plist */ = {isa = PBXFileReference; lastKnownFileType = text.plist.xml; path = Info.plist; sourceTree = "<group>"; };
		4FD0D2011EE89F4900F1BE08 /* GoogLeNetPlaces.mlmodel */ = {isa = PBXFileReference; lastKnownFileType = file.mlmodel; name = GoogLeNetPlaces.mlmodel; path = ../../../../../Applications/GoogLeNetPlaces.mlmodel; sourceTree = "<group>"; };
/* End PBXFileReference section */

/* Begin PBXFrameworksBuildPhase section */
		4FD0D1E91EE89E8100F1BE08 /* Frameworks */ = {
			isa = PBXFrameworksBuildPhase;
			buildActionMask = 2147483647;
			files = (
			);
			runOnlyForDeploymentPostprocessing = 0;
		};
/* End PBXFrameworksBuildPhase section */

/* Begin PBXGroup section */
		4FD0D1E31EE89E8100F1BE08 = {
			isa = PBXGroup;
			children = (
				4FD0D1EE1EE89E8100F1BE08 /* FlowerUp */,
				4FD0D1ED1EE89E8100F1BE08 /* Products */,
			);
			sourceTree = "<group>";
		};
		4FD0D1ED1EE89E8100F1BE08 /* Products */ = {
			isa = PBXGroup;
			children = (
				4FD0D1EC1EE89E8100F1BE08 /* FlowerUp.app */,
			);
			name = Products;
			sourceTree = "<group>";
		};
		4FD0D1EE1EE89E8100F1BE08 /* FlowerUp */ = {
			isa = PBXGroup;
			children = (
				4FD0D2011EE89F4900F1BE08 /* GoogLeNetPlaces.mlmodel */,
				4FD0D1EF1EE89E8100F1BE08 /* AppDelegate.swift */,
				4FD0D1F11EE89E8100F1BE08 /* ViewController.swift */,
				4FD0D1F31EE89E8100F1BE08 /* Main.storyboard */,
				4FD0D1F61EE89E8100F1BE08 /* Assets.xcassets */,
				4FD0D1F81EE89E8100F1BE08 /* LaunchScreen.storyboard */,
				4FD0D1FB1EE89E8100F1BE08 /* Info.plist */,
			);
			path = FlowerUp;
			sourceTree = "<group>";
		};
/* End PBXGroup section */

/* Begin PBXNativeTarget section */
		4FD0D1EB1EE89E8100F1BE08 /* FlowerUp */ = {
			isa = PBXNativeTarget;
			buildConfigurationList = 4FD0D1FE1EE89E8100F1BE08 /* Build configuration list for PBXNativeTarget "FlowerUp" */;
			buildPhases = (
				4FD0D1E81EE89E8100F1BE08 /* Sources */,
				4FD0D1E91EE89E8100F1BE08 /* Frameworks */,
				4FD0D1EA1EE89E8100F1BE08 /* Resources */,
			);
			buildRules = (
			);
			dependencies = (
			);
			name = FlowerUp;
			productName = FlowerUp;
			productReference = 4FD0D1EC1EE89E8100F1BE08 /* FlowerUp.app */;
			productType = "com.apple.product-type.application";
		};
/* End PBXNativeTarget section */

/* Begin PBXProject section */
		4FD0D1E41EE89E8100F1BE08 /* Project object */ = {
			isa = PBXProject;
			attributes = {
				LastSwiftUpdateCheck = 0900;
				LastUpgradeCheck = 0900;
				ORGANIZATIONNAME = "Suraj Pathak";
				TargetAttributes = {
					4FD0D1EB1EE89E8100F1BE08 = {
						CreatedOnToolsVersion = 9.0;
					};
				};
			};
			buildConfigurationList = 4FD0D1E71EE89E8100F1BE08 /* Build configuration list for PBXProject "FlowerUp" */;
			compatibilityVersion = "Xcode 8.0";
			developmentRegion = en;
			hasScannedForEncodings = 0;
			knownRegions = (
				en,
				Base,
			);
			mainGroup = 4FD0D1E31EE89E8100F1BE08;
			productRefGroup = 4FD0D1ED1EE89E8100F1BE08 /* Products */;
			projectDirPath = "";
			projectRoot = "";
			targets = (
				4FD0D1EB1EE89E8100F1BE08 /* FlowerUp */,
			);
		};
/* End PBXProject section */

/* Begin PBXResourcesBuildPhase section */
		4FD0D1EA1EE89E8100F1BE08 /* Resources */ = {
			isa = PBXResourcesBuildPhase;
			buildActionMask = 2147483647;
			files = (
				4FD0D1FA1EE89E8100F1BE08 /* LaunchScreen.storyboard in Resources */,
				4FD0D1F71EE89E8100F1BE08 /* Assets.xcassets in Resources */,
				4FD0D1F51EE89E8100F1BE08 /* Main.storyboard in Resources */,
			);
			runOnlyForDeploymentPostprocessing = 0;
		};
/* End PBXResourcesBuildPhase section */

/* Begin PBXSourcesBuildPhase section */
		4FD0D1E81EE89E8100F1BE08 /* Sources */ = {
			isa = PBXSourcesBuildPhase;
			buildActionMask = 2147483647;
			files = (
				4FD0D1F21EE89E8100F1BE08 /* ViewController.swift in Sources */,
				4FD0D1F01EE89E8100F1BE08 /* AppDelegate.swift in Sources */,
				4FD0D2021EE89F4E00F1BE08 /* GoogLeNetPlaces.mlmodel in Sources */,
			);
			runOnlyForDeploymentPostprocessing = 0;
		};
/* End PBXSourcesBuildPhase section */

/* Begin PBXVariantGroup section */
		4FD0D1F31EE89E8100F1BE08 /* Main.storyboard */ = {
			isa = PBXVariantGroup;
			children = (
				4FD0D1F41EE89E8100F1BE08 /* Base */,
			);
			name = Main.storyboard;
			sourceTree = "<group>";
		};
		4FD0D1F81EE89E8100F1BE08 /* LaunchScreen.storyboard */ = {
			isa = PBXVariantGroup;
			children = (
				4FD0D1F91EE89E8100F1BE08 /* Base */,
			);
			name = LaunchScreen.storyboard;
			sourceTree = "<group>";
		};
/* End PBXVariantGroup section */

/* Begin XCBuildConfiguration section */
		4FD0D1FC1EE89E8100F1BE08 /* Debug */ = {
			isa = XCBuildConfiguration;
			buildSettings = {
				ALWAYS_SEARCH_USER_PATHS = NO;
				CLANG_ANALYZER_NONNULL = YES;
				CLANG_ANALYZER_NUMBER_OBJECT_CONVERSION = YES_AGGRESSIVE;
				CLANG_CXX_LANGUAGE_STANDARD = "gnu++14";
				CLANG_CXX_LIBRARY = "libc++";
				CLANG_ENABLE_MODULES = YES;
				CLANG_ENABLE_OBJC_ARC = YES;
				CLANG_WARN_BLOCK_CAPTURE_AUTORELEASING = YES;
				CLANG_WARN_BOOL_CONVERSION = YES;
				CLANG_WARN_COMMA = YES;
				CLANG_WARN_CONSTANT_CONVERSION = YES;
				CLANG_WARN_DIRECT_OBJC_ISA_USAGE = YES_ERROR;
				CLANG_WARN_DOCUMENTATION_COMMENTS = YES;
				CLANG_WARN_EMPTY_BODY = YES;
				CLANG_WARN_ENUM_CONVERSION = YES;
				CLANG_WARN_INFINITE_RECURSION = YES;
				CLANG_WARN_INT_CONVERSION = YES;
				CLANG_WARN_OBJC_ROOT_CLASS = YES_ERROR;
				CLANG_WARN_RANGE_LOOP_ANALYSIS = YES;
				CLANG_WARN_STRICT_PROTOTYPES = YES;
				CLANG_WARN_SUSPICIOUS_MOVE = YES;
				CLANG_WARN_UNGUARDED_AVAILABILITY = YES_AGGRESSIVE;
				CLANG_WARN_UNREACHABLE_CODE = YES;
				CLANG_WARN__DUPLICATE_METHOD_MATCH = YES;
				CODE_SIGN_IDENTITY = "iPhone Developer";
				COPY_PHASE_STRIP = NO;
				DEBUG_INFORMATION_FORMAT = dwarf;
				ENABLE_STRICT_OBJC_MSGSEND = YES;
				ENABLE_TESTABILITY = YES;
				GCC_C_LANGUAGE_STANDARD = gnu11;
				GCC_DYNAMIC_NO_PIC = NO;
				GCC_NO_COMMON_BLOCKS = YES;
				GCC_OPTIMIZATION_LEVEL = 0;
				GCC_PREPROCESSOR_DEFINITIONS = (
					"DEBUG=1",
					"$(inherited)",
				);
				GCC_WARN_64_TO_32_BIT_CONVERSION = YES;
				GCC_WARN_ABOUT_RETURN_TYPE = YES_ERROR;
				GCC_WARN_UNDECLARED_SELECTOR = YES;
				GCC_WARN_UNINITIALIZED_AUTOS = YES_AGGRESSIVE;
				GCC_WARN_UNUSED_FUNCTION = YES;
				GCC_WARN_UNUSED_VARIABLE = YES;
				IPHONEOS_DEPLOYMENT_TARGET = 11.0;
				MTL_ENABLE_DEBUG_INFO = YES;
				ONLY_ACTIVE_ARCH = YES;
				SDKROOT = iphoneos;
				SWIFT_ACTIVE_COMPILATION_CONDITIONS = DEBUG;
				SWIFT_OPTIMIZATION_LEVEL = "-Onone";
			};
			name = Debug;
		};
		4FD0D1FD1EE89E8100F1BE08 /* Release */ = {
			isa = XCBuildConfiguration;
			buildSettings = {
				ALWAYS_SEARCH_USER_PATHS = NO;
				CLANG_ANALYZER_NONNULL = YES;
				CLANG_ANALYZER_NUMBER_OBJECT_CONVERSION = YES_AGGRESSIVE;
				CLANG_CXX_LANGUAGE_STANDARD = "gnu++14";
				CLANG_CXX_LIBRARY = "libc++";
				CLANG_ENABLE_MODULES = YES;
				CLANG_ENABLE_OBJC_ARC = YES;
				CLANG_WARN_BLOCK_CAPTURE_AUTORELEASING = YES;
				CLANG_WARN_BOOL_CONVERSION = YES;
				CLANG_WARN_COMMA = YES;
				CLANG_WARN_CONSTANT_CONVERSION = YES;
				CLANG_WARN_DIRECT_OBJC_ISA_USAGE = YES_ERROR;
				CLANG_WARN_DOCUMENTATION_COMMENTS = YES;
				CLANG_WARN_EMPTY_BODY = YES;
				CLANG_WARN_ENUM_CONVERSION = YES;
				CLANG_WARN_INFINITE_RECURSION = YES;
				CLANG_WARN_INT_CONVERSION = YES;
				CLANG_WARN_OBJC_ROOT_CLASS = YES_ERROR;
				CLANG_WARN_RANGE_LOOP_ANALYSIS = YES;
				CLANG_WARN_STRICT_PROTOTYPES = YES;
				CLANG_WARN_SUSPICIOUS_MOVE = YES;
				CLANG_WARN_UNGUARDED_AVAILABILITY = YES_AGGRESSIVE;
				CLANG_WARN_UNREACHABLE_CODE = YES;
				CLANG_WARN__DUPLICATE_METHOD_MATCH = YES;
				CODE_SIGN_IDENTITY = "iPhone Developer";
				COPY_PHASE_STRIP = NO;
				DEBUG_INFORMATION_FORMAT = "dwarf-with-dsym";
				ENABLE_NS_ASSERTIONS = NO;
				ENABLE_STRICT_OBJC_MSGSEND = YES;
				GCC_C_LANGUAGE_STANDARD = gnu11;
				GCC_NO_COMMON_BLOCKS = YES;
				GCC_WARN_64_TO_32_BIT_CONVERSION = YES;
				GCC_WARN_ABOUT_RETURN_TYPE = YES_ERROR;
				GCC_WARN_UNDECLARED_SELECTOR = YES;
				GCC_WARN_UNINITIALIZED_AUTOS = YES_AGGRESSIVE;
				GCC_WARN_UNUSED_FUNCTION = YES;
				GCC_WARN_UNUSED_VARIABLE = YES;
				IPHONEOS_DEPLOYMENT_TARGET = 11.0;
				MTL_ENABLE_DEBUG_INFO = NO;
				SDKROOT = iphoneos;
				SWIFT_OPTIMIZATION_LEVEL = "-Owholemodule";
				VALIDATE_PRODUCT = YES;
			};
			name = Release;
		};
		4FD0D1FF1EE89E8100F1BE08 /* Debug */ = {
			isa = XCBuildConfiguration;
			buildSettings = {
				ASSETCATALOG_COMPILER_APPICON_NAME = AppIcon;
				DEVELOPMENT_TEAM = 85UX9F7ZWN;
				INFOPLIST_FILE = FlowerUp/Info.plist;
				LD_RUNPATH_SEARCH_PATHS = "$(inherited) @executable_path/Frameworks";
				PRODUCT_BUNDLE_IDENTIFIER = com.suraj.flower.FlowerUp;
				PRODUCT_NAME = "$(TARGET_NAME)";
				SWIFT_VERSION = 4.0;
				TARGETED_DEVICE_FAMILY = "1,2";
			};
			name = Debug;
		};
		4FD0D2001EE89E8100F1BE08 /* Release */ = {
			isa = XCBuildConfiguration;
			buildSettings = {
				ASSETCATALOG_COMPILER_APPICON_NAME = AppIcon;
				DEVELOPMENT_TEAM = 85UX9F7ZWN;
				INFOPLIST_FILE = FlowerUp/Info.plist;
				LD_RUNPATH_SEARCH_PATHS = "$(inherited) @executable_path/Frameworks";
				PRODUCT_BUNDLE_IDENTIFIER = com.suraj.flower.FlowerUp;
				PRODUCT_NAME = "$(TARGET_NAME)";
				SWIFT_VERSION = 4.0;
				TARGETED_DEVICE_FAMILY = "1,2";
			};
			name = Release;
		};
/* End XCBuildConfiguration section */

/* Begin XCConfigurationList section */
		4FD0D1E71EE89E8100F1BE08 /* Build configuration list for PBXProject "FlowerUp" */ = {
			isa = XCConfigurationList;
			buildConfigurations = (
				4FD0D1FC1EE89E8100F1BE08 /* Debug */,
				4FD0D1FD1EE89E8100F1BE08 /* Release */,
			);
			defaultConfigurationIsVisible = 0;
			defaultConfigurationName = Release;
		};
		4FD0D1FE1EE89E8100F1BE08 /* Build configuration list for PBXNativeTarget "FlowerUp" */ = {
			isa = XCConfigurationList;
			buildConfigurations = (
				4FD0D1FF1EE89E8100F1BE08 /* Debug */,
				4FD0D2001EE89E8100F1BE08 /* Release */,
			);
			defaultConfigurationIsVisible = 0;
		};
/* End XCConfigurationList section */
	};
	rootObject = 4FD0D1E41EE89E8100F1BE08 /* Project object */;
}
